
Microsoft Visual Studio Solution File, Format Version 12.00
# Visual Studio Version 16
VisualStudioVersion = 16.0.32106.194
MinimumVisualStudioVersion = 10.0.40219.1
Project("{FAE04EC0-301F-11D3-BF4B-00C04F79EFBC}") = "LB_IntegraContabil", "LB_IntegraContabil\LB_IntegraContabil.csproj", "{A0F498F6-BCF3-4B31-A7F7-886B5BBC0B0E}"
EndProject
Global
	GlobalSection(SolutionConfigurationPlatforms) = preSolution
		Debug|Any CPU = Debug|Any CPU
		Release|Any CPU = Release|Any CPU
	EndGlobalSection
	GlobalSection(ProjectConfigurationPlatforms) = postSolution
		{A0F498F6-BCF3-4B31-A7F7-886B5BBC0B0E}.Debug|Any CPU.ActiveCfg = Debug|Any CPU
		{A0F498F6-BCF3-4B31-A7F7-886B5BBC0B0E}.Debug|Any CPU.Build.0 = Debug|Any CPU
		{A0F498F6-BCF3-4B31-A7F7-886B5BBC0B0E}.Release|Any CPU.ActiveCfg = Release|Any CPU
		{A0F498F6-BCF3-4B31-A7F7-886B5BBC0B0E}.Release|Any CPU.Build.0 = Release|Any CPU
	EndGlobalSection
	GlobalSection(SolutionProperties) = preSolution
		HideSolutionNode = FALSE
	EndGlobalSection
	GlobalSection(ExtensibilityGlobals) = postSolution
		SolutionGuid = {B05ABDCD-E023-4C46-807B-32D22D4DFCF2}
	EndGlobalSection
EndGlobal
